// !$*UTF8*$!
{
	archiveVersion = 1;
	classes = {
	};
	objectVersion = 46;
	objects = {

/* Begin PBXBuildFile section */
		1C34D5391DE9CFBD0080C924 /* MoyenneViewController.m in Sources */ = {isa = PBXBuildFile; fileRef = 1C34D5381DE9CFBD0080C924 /* MoyenneViewController.m */; };
		1C63DB351DE6E36C003E9ED9 /* ListViewController.m in Sources */ = {isa = PBXBuildFile; fileRef = 1C63DB341DE6E36C003E9ED9 /* ListViewController.m */; };
		1CAB13731DE75CD10045B416 /* MatiereViewController.m in Sources */ = {isa = PBXBuildFile; fileRef = 1CAB13721DE75CD10045B416 /* MatiereViewController.m */; };
		1CAB13771DE761800045B416 /* Matiere.m in Sources */ = {isa = PBXBuildFile; fileRef = 1CAB13761DE761800045B416 /* Matiere.m */; };
		1CE60D961DE9094000E2B7B2 /* MySimpleTableCell.xib in Resources */ = {isa = PBXBuildFile; fileRef = 1CE60D951DE9094000E2B7B2 /* MySimpleTableCell.xib */; };
		1CF4581A1DE7DFC300F740AE /* MySimpleTableCell.m in Sources */ = {isa = PBXBuildFile; fileRef = 1CF458191DE7DFC300F740AE /* MySimpleTableCell.m */; };
		DE3949A01DC642DE00156795 /* main.m in Sources */ = {isa = PBXBuildFile; fileRef = DE39499F1DC642DE00156795 /* main.m */; };
		DE3949A31DC642DE00156795 /* AppDelegate.m in Sources */ = {isa = PBXBuildFile; fileRef = DE3949A21DC642DE00156795 /* AppDelegate.m */; };
		DE3949A61DC642DE00156795 /* ViewController.m in Sources */ = {isa = PBXBuildFile; fileRef = DE3949A51DC642DE00156795 /* ViewController.m */; };
		DE3949A91DC642DE00156795 /* Main.storyboard in Resources */ = {isa = PBXBuildFile; fileRef = DE3949A71DC642DE00156795 /* Main.storyboard */; };
		DE3949AB1DC642DE00156795 /* Images.xcassets in Resources */ = {isa = PBXBuildFile; fileRef = DE3949AA1DC642DE00156795 /* Images.xcassets */; };
		DE3949AE1DC642DE00156795 /* LaunchScreen.xib in Resources */ = {isa = PBXBuildFile; fileRef = DE3949AC1DC642DE00156795 /* LaunchScreen.xib */; };
		DE3949BA1DC642DF00156795 /* Mini_projetTests.m in Sources */ = {isa = PBXBuildFile; fileRef = DE3949B91DC642DF00156795 /* Mini_projetTests.m */; };
/* End PBXBuildFile section */

/* Begin PBXContainerItemProxy section */
		DE3949B41DC642DF00156795 /* PBXContainerItemProxy */ = {
			isa = PBXContainerItemProxy;
			containerPortal = DE3949921DC642DE00156795 /* Project object */;
			proxyType = 1;
			remoteGlobalIDString = DE3949991DC642DE00156795;
			remoteInfo = "Mini-projet";
		};
/* End PBXContainerItemProxy section */

/* Begin PBXFileReference section */
		1C34D5371DE9CFBD0080C924 /* MoyenneViewController.h */ = {isa = PBXFileReference; fileEncoding = 4; lastKnownFileType = sourcecode.c.h; name = MoyenneViewController.h; path = "Mini-projet.xcodeproj/../MoyenneViewController.h"; sourceTree = SOURCE_ROOT; };
		1C34D5381DE9CFBD0080C924 /* MoyenneViewController.m */ = {isa = PBXFileReference; fileEncoding = 4; lastKnownFileType = sourcecode.c.objc; name = MoyenneViewController.m; path = "Mini-projet.xcodeproj/../MoyenneViewController.m"; sourceTree = SOURCE_ROOT; };
		1C63DB341DE6E36C003E9ED9 /* ListViewController.m */ = {isa = PBXFileReference; fileEncoding = 4; lastKnownFileType = sourcecode.c.objc; name = ListViewController.m; path = "Mini-projet.xcodeproj/../ListViewController.m"; sourceTree = SOURCE_ROOT; };
		1C63DB361DE6E374003E9ED9 /* ListViewController.h */ = {isa = PBXFileReference; lastKnownFileType = sourcecode.c.h; name = ListViewController.h; path = "Mini-projet.xcodeproj/../ListViewController.h"; sourceTree = SOURCE_ROOT; };
		1CAB13711DE75CD10045B416 /* MatiereViewController.h */ = {isa = PBXFileReference; fileEncoding = 4; lastKnownFileType = sourcecode.c.h; name = MatiereViewController.h; path = "Mini-projet.xcodeproj/../MatiereViewController.h"; sourceTree = SOURCE_ROOT; };
		1CAB13721DE75CD10045B416 /* MatiereViewController.m */ = {isa = PBXFileReference; fileEncoding = 4; lastKnownFileType = sourcecode.c.objc; name = MatiereViewController.m; path = "Mini-projet.xcodeproj/../MatiereViewController.m"; sourceTree = SOURCE_ROOT; };
		1CAB13751DE761800045B416 /* Matiere.h */ = {isa = PBXFileReference; fileEncoding = 4; lastKnownFileType = sourcecode.c.h; name = Matiere.h; path = "Mini-projet.xcodeproj/../Matiere.h"; sourceTree = SOURCE_ROOT; };
		1CAB13761DE761800045B416 /* Matiere.m */ = {isa = PBXFileReference; fileEncoding = 4; lastKnownFileType = sourcecode.c.objc; name = Matiere.m; path = "Mini-projet.xcodeproj/../Matiere.m"; sourceTree = SOURCE_ROOT; };
		1CE60D951DE9094000E2B7B2 /* MySimpleTableCell.xib */ = {isa = PBXFileReference; fileEncoding = 4; lastKnownFileType = file.xib; name = MySimpleTableCell.xib; path = ../MySimpleTableCell.xib; sourceTree = "<group>"; };
		1CF458181DE7DFC300F740AE /* MySimpleTableCell.h */ = {isa = PBXFileReference; fileEncoding = 4; lastKnownFileType = sourcecode.c.h; name = MySimpleTableCell.h; path = "Mini-projet.xcodeproj/../MySimpleTableCell.h"; sourceTree = SOURCE_ROOT; };
		1CF458191DE7DFC300F740AE /* MySimpleTableCell.m */ = {isa = PBXFileReference; fileEncoding = 4; lastKnownFileType = sourcecode.c.objc; name = MySimpleTableCell.m; path = "Mini-projet.xcodeproj/../MySimpleTableCell.m"; sourceTree = SOURCE_ROOT; };
		DE39499A1DC642DE00156795 /* Mini-projet.app */ = {isa = PBXFileReference; explicitFileType = wrapper.application; includeInIndex = 0; path = "Mini-projet.app"; sourceTree = BUILT_PRODUCTS_DIR; };
		DE39499E1DC642DE00156795 /* Info.plist */ = {isa = PBXFileReference; lastKnownFileType = text.plist.xml; path = Info.plist; sourceTree = "<group>"; };
		DE39499F1DC642DE00156795 /* main.m */ = {isa = PBXFileReference; lastKnownFileType = sourcecode.c.objc; path = main.m; sourceTree = "<group>"; };
		DE3949A11DC642DE00156795 /* AppDelegate.h */ = {isa = PBXFileReference; lastKnownFileType = sourcecode.c.h; path = AppDelegate.h; sourceTree = "<group>"; };
		DE3949A21DC642DE00156795 /* AppDelegate.m */ = {isa = PBXFileReference; lastKnownFileType = sourcecode.c.objc; path = AppDelegate.m; sourceTree = "<group>"; };
		DE3949A41DC642DE00156795 /* ViewController.h */ = {isa = PBXFileReference; lastKnownFileType = sourcecode.c.h; path = ViewController.h; sourceTree = "<group>"; };
		DE3949A51DC642DE00156795 /* ViewController.m */ = {isa = PBXFileReference; lastKnownFileType = sourcecode.c.objc; path = ViewController.m; sourceTree = "<group>"; };
		DE3949A81DC642DE00156795 /* Base */ = {isa = PBXFileReference; lastKnownFileType = file.storyboard; name = Base; path = Base.lproj/Main.storyboard; sourceTree = "<group>"; };
		DE3949AA1DC642DE00156795 /* Images.xcassets */ = {isa = PBXFileReference; lastKnownFileType = folder.assetcatalog; path = Images.xcassets; sourceTree = "<group>"; };
		DE3949AD1DC642DE00156795 /* Base */ = {isa = PBXFileReference; lastKnownFileType = file.xib; name = Base; path = Base.lproj/LaunchScreen.xib; sourceTree = "<group>"; };
		DE3949B31DC642DF00156795 /* Mini-projetTests.xctest */ = {isa = PBXFileReference; explicitFileType = wrapper.cfbundle; includeInIndex = 0; path = "Mini-projetTests.xctest"; sourceTree = BUILT_PRODUCTS_DIR; };
		DE3949B81DC642DF00156795 /* Info.plist */ = {isa = PBXFileReference; lastKnownFileType = text.plist.xml; path = Info.plist; sourceTree = "<group>"; };
		DE3949B91DC642DF00156795 /* Mini_projetTests.m */ = {isa = PBXFileReference; lastKnownFileType = sourcecode.c.objc; path = Mini_projetTests.m; sourceTree = "<group>"; };
/* End PBXFileReference section */

/* Begin PBXFrameworksBuildPhase section */
		DE3949971DC642DE00156795 /* Frameworks */ = {
			isa = PBXFrameworksBuildPhase;
			buildActionMask = 2147483647;
			files = (
			);
			runOnlyForDeploymentPostprocessing = 0;
		};
		DE3949B01DC642DF00156795 /* Frameworks */ = {
			isa = PBXFrameworksBuildPhase;
			buildActionMask = 2147483647;
			files = (
			);
			runOnlyForDeploymentPostprocessing = 0;
		};
/* End PBXFrameworksBuildPhase section */

/* Begin PBXGroup section */
		1CAB13741DE760630045B416 /* Model */ = {
			isa = PBXGroup;
			children = (
				1CAB13751DE761800045B416 /* Matiere.h */,
				1CAB13761DE761800045B416 /* Matiere.m */,
			);
			name = Model;
			sourceTree = "<group>";
		};
		DE3949911DC642DE00156795 = {
			isa = PBXGroup;
			children = (
				DE39499C1DC642DE00156795 /* Mini-projet */,
				DE3949B61DC642DF00156795 /* Mini-projetTests */,
				DE39499B1DC642DE00156795 /* Products */,
			);
			sourceTree = "<group>";
		};
		DE39499B1DC642DE00156795 /* Products */ = {
			isa = PBXGroup;
			children = (
				DE39499A1DC642DE00156795 /* Mini-projet.app */,
				DE3949B31DC642DF00156795 /* Mini-projetTests.xctest */,
			);
			name = Products;
			sourceTree = "<group>";
		};
		DE39499C1DC642DE00156795 /* Mini-projet */ = {
			isa = PBXGroup;
			children = (
				1CAB13741DE760630045B416 /* Model */,
				DE3949C41DC6603700156795 /* Controller */,
				DE3949A11DC642DE00156795 /* AppDelegate.h */,
				DE3949A21DC642DE00156795 /* AppDelegate.m */,
				DE3949A71DC642DE00156795 /* Main.storyboard */,
				DE3949AA1DC642DE00156795 /* Images.xcassets */,
				DE3949AC1DC642DE00156795 /* LaunchScreen.xib */,
				DE39499D1DC642DE00156795 /* Supporting Files */,
			);
			path = "Mini-projet";
			sourceTree = "<group>";
		};
		DE39499D1DC642DE00156795 /* Supporting Files */ = {
			isa = PBXGroup;
			children = (
				DE39499E1DC642DE00156795 /* Info.plist */,
				DE39499F1DC642DE00156795 /* main.m */,
			);
			name = "Supporting Files";
			sourceTree = "<group>";
		};
		DE3949B61DC642DF00156795 /* Mini-projetTests */ = {
			isa = PBXGroup;
			children = (
				DE3949B91DC642DF00156795 /* Mini_projetTests.m */,
				DE3949B71DC642DF00156795 /* Supporting Files */,
			);
			path = "Mini-projetTests";
			sourceTree = "<group>";
		};
		DE3949B71DC642DF00156795 /* Supporting Files */ = {
			isa = PBXGroup;
			children = (
				DE3949B81DC642DF00156795 /* Info.plist */,
			);
			name = "Supporting Files";
			sourceTree = "<group>";
		};
		DE3949C41DC6603700156795 /* Controller */ = {
			isa = PBXGroup;
			children = (
				1C34D5371DE9CFBD0080C924 /* MoyenneViewController.h */,
				1C34D5381DE9CFBD0080C924 /* MoyenneViewController.m */,
				1CE60D951DE9094000E2B7B2 /* MySimpleTableCell.xib */,
				1CF458181DE7DFC300F740AE /* MySimpleTableCell.h */,
				1CF458191DE7DFC300F740AE /* MySimpleTableCell.m */,
				1CAB13711DE75CD10045B416 /* MatiereViewController.h */,
				1CAB13721DE75CD10045B416 /* MatiereViewController.m */,
				1C63DB361DE6E374003E9ED9 /* ListViewController.h */,
				1C63DB341DE6E36C003E9ED9 /* ListViewController.m */,
				DE3949A51DC642DE00156795 /* ViewController.m */,
				DE3949A41DC642DE00156795 /* ViewController.h */,
			);
			name = Controller;
			sourceTree = "<group>";
		};
/* End PBXGroup section */

/* Begin PBXNativeTarget section */
		DE3949991DC642DE00156795 /* Mini-projet */ = {
			isa = PBXNativeTarget;
			buildConfigurationList = DE3949BD1DC642DF00156795 /* Build configuration list for PBXNativeTarget "Mini-projet" */;
			buildPhases = (
				DE3949961DC642DE00156795 /* Sources */,
				DE3949971DC642DE00156795 /* Frameworks */,
				DE3949981DC642DE00156795 /* Resources */,
			);
			buildRules = (
			);
			dependencies = (
			);
			name = "Mini-projet";
			productName = "Mini-projet";
			productReference = DE39499A1DC642DE00156795 /* Mini-projet.app */;
			productType = "com.apple.product-type.application";
		};
		DE3949B21DC642DF00156795 /* Mini-projetTests */ = {
			isa = PBXNativeTarget;
			buildConfigurationList = DE3949C01DC642DF00156795 /* Build configuration list for PBXNativeTarget "Mini-projetTests" */;
			buildPhases = (
				DE3949AF1DC642DF00156795 /* Sources */,
				DE3949B01DC642DF00156795 /* Frameworks */,
				DE3949B11DC642DF00156795 /* Resources */,
			);
			buildRules = (
			);
			dependencies = (
				DE3949B51DC642DF00156795 /* PBXTargetDependency */,
			);
			name = "Mini-projetTests";
			productName = "Mini-projetTests";
			productReference = DE3949B31DC642DF00156795 /* Mini-projetTests.xctest */;
			productType = "com.apple.product-type.bundle.unit-test";
		};
/* End PBXNativeTarget section */

/* Begin PBXProject section */
		DE3949921DC642DE00156795 /* Project object */ = {
			isa = PBXProject;
			attributes = {
				LastUpgradeCheck = 0640;
				ORGANIZATIONNAME = doha;
				TargetAttributes = {
					DE3949991DC642DE00156795 = {
						CreatedOnToolsVersion = 6.4;
					};
					DE3949B21DC642DF00156795 = {
						CreatedOnToolsVersion = 6.4;
						TestTargetID = DE3949991DC642DE00156795;
					};
				};
			};
			buildConfigurationList = DE3949951DC642DE00156795 /* Build configuration list for PBXProject "Mini-projet" */;
			compatibilityVersion = "Xcode 3.2";
			developmentRegion = English;
			hasScannedForEncodings = 0;
			knownRegions = (
				en,
				Base,
			);
			mainGroup = DE3949911DC642DE00156795;
			productRefGroup = DE39499B1DC642DE00156795 /* Products */;
			projectDirPath = "";
			projectRoot = "";
			targets = (
				DE3949991DC642DE00156795 /* Mini-projet */,
				DE3949B21DC642DF00156795 /* Mini-projetTests */,
			);
		};
/* End PBXProject section */

/* Begin PBXResourcesBuildPhase section */
		DE3949981DC642DE00156795 /* Resources */ = {
			isa = PBXResourcesBuildPhase;
			buildActionMask = 2147483647;
			files = (
				DE3949A91DC642DE00156795 /* Main.storyboard in Resources */,
				DE3949AE1DC642DE00156795 /* LaunchScreen.xib in Resources */,
				1CE60D961DE9094000E2B7B2 /* MySimpleTableCell.xib in Resources */,
				DE3949AB1DC642DE00156795 /* Images.xcassets in Resources */,
			);
			runOnlyForDeploymentPostprocessing = 0;
		};
		DE3949B11DC642DF00156795 /* Resources */ = {
			isa = PBXResourcesBuildPhase;
			buildActionMask = 2147483647;
			files = (
			);
			runOnlyForDeploymentPostprocessing = 0;
		};
/* End PBXResourcesBuildPhase section */

/* Begin PBXSourcesBuildPhase section */
		DE3949961DC642DE00156795 /* Sources */ = {
			isa = PBXSourcesBuildPhase;
			buildActionMask = 2147483647;
			files = (
				1CAB13731DE75CD10045B416 /* MatiereViewController.m in Sources */,
				1CAB13771DE761800045B416 /* Matiere.m in Sources */,
				DE3949A61DC642DE00156795 /* ViewController.m in Sources */,
				DE3949A31DC642DE00156795 /* AppDelegate.m in Sources */,
				1C34D5391DE9CFBD0080C924 /* MoyenneViewController.m in Sources */,
				1C63DB351DE6E36C003E9ED9 /* ListViewController.m in Sources */,
				1CF4581A1DE7DFC300F740AE /* MySimpleTableCell.m in Sources */,
				DE3949A01DC642DE00156795 /* main.m in Sources */,
			);
			runOnlyForDeploymentPostprocessing = 0;
		};
		DE3949AF1DC642DF00156795 /* Sources */ = {
			isa = PBXSourcesBuildPhase;
			buildActionMask = 2147483647;
			files = (
				DE3949BA1DC642DF00156795 /* Mini_projetTests.m in Sources */,
			);
			runOnlyForDeploymentPostprocessing = 0;
		};
/* End PBXSourcesBuildPhase section */

/* Begin PBXTargetDependency section */
		DE3949B51DC642DF00156795 /* PBXTargetDependency */ = {
			isa = PBXTargetDependency;
			target = DE3949991DC642DE00156795 /* Mini-projet */;
			targetProxy = DE3949B41DC642DF00156795 /* PBXContainerItemProxy */;
		};
/* End PBXTargetDependency section */

/* Begin PBXVariantGroup section */
		DE3949A71DC642DE00156795 /* Main.storyboard */ = {
			isa = PBXVariantGroup;
			children = (
				DE3949A81DC642DE00156795 /* Base */,
			);
			name = Main.storyboard;
			sourceTree = "<group>";
		};
		DE3949AC1DC642DE00156795 /* LaunchScreen.xib */ = {
			isa = PBXVariantGroup;
			children = (
				DE3949AD1DC642DE00156795 /* Base */,
			);
			name = LaunchScreen.xib;
			sourceTree = "<group>";
		};
/* End PBXVariantGroup section */

/* Begin XCBuildConfiguration section */
		DE3949BB1DC642DF00156795 /* Debug */ = {
			isa = XCBuildConfiguration;
			buildSettings = {
				ALWAYS_SEARCH_USER_PATHS = NO;
				CLANG_CXX_LANGUAGE_STANDARD = "gnu++0x";
				CLANG_CXX_LIBRARY = "libc++";
				CLANG_ENABLE_MODULES = YES;
				CLANG_ENABLE_OBJC_ARC = YES;
				CLANG_WARN_BOOL_CONVERSION = YES;
				CLANG_WARN_CONSTANT_CONVERSION = YES;
				CLANG_WARN_DIRECT_OBJC_ISA_USAGE = YES_ERROR;
				CLANG_WARN_EMPTY_BODY = YES;
				CLANG_WARN_ENUM_CONVERSION = YES;
				CLANG_WARN_INT_CONVERSION = YES;
				CLANG_WARN_OBJC_ROOT_CLASS = YES_ERROR;
				CLANG_WARN_UNREACHABLE_CODE = YES;
				CLANG_WARN__DUPLICATE_METHOD_MATCH = YES;
				"CODE_SIGN_IDENTITY[sdk=iphoneos*]" = "iPhone Developer";
				COPY_PHASE_STRIP = NO;
				DEBUG_INFORMATION_FORMAT = "dwarf-with-dsym";
				ENABLE_STRICT_OBJC_MSGSEND = YES;
				GCC_C_LANGUAGE_STANDARD = gnu99;
				GCC_DYNAMIC_NO_PIC = NO;
				GCC_NO_COMMON_BLOCKS = YES;
				GCC_OPTIMIZATION_LEVEL = 0;
				GCC_PREPROCESSOR_DEFINITIONS = (
					"DEBUG=1",
					"$(inherited)",
				);
				GCC_SYMBOLS_PRIVATE_EXTERN = NO;
				GCC_WARN_64_TO_32_BIT_CONVERSION = YES;
				GCC_WARN_ABOUT_RETURN_TYPE = YES_ERROR;
				GCC_WARN_UNDECLARED_SELECTOR = YES;
				GCC_WARN_UNINITIALIZED_AUTOS = YES_AGGRESSIVE;
				GCC_WARN_UNUSED_FUNCTION = YES;
				GCC_WARN_UNUSED_VARIABLE = YES;
				IPHONEOS_DEPLOYMENT_TARGET = 8.4;
				MTL_ENABLE_DEBUG_INFO = YES;
				ONLY_ACTIVE_ARCH = YES;
				SDKROOT = iphoneos;
			};
			name = Debug;
		};
		DE3949BC1DC642DF00156795 /* Release */ = {
			isa = XCBuildConfiguration;
			buildSettings = {
				ALWAYS_SEARCH_USER_PATHS = NO;
				CLANG_CXX_LANGUAGE_STANDARD = "gnu++0x";
				CLANG_CXX_LIBRARY = "libc++";
				CLANG_ENABLE_MODULES = YES;
				CLANG_ENABLE_OBJC_ARC = YES;
				CLANG_WARN_BOOL_CONVERSION = YES;
				CLANG_WARN_CONSTANT_CONVERSION = YES;
				CLANG_WARN_DIRECT_OBJC_ISA_USAGE = YES_ERROR;
				CLANG_WARN_EMPTY_BODY = YES;
				CLANG_WARN_ENUM_CONVERSION = YES;
				CLANG_WARN_INT_CONVERSION = YES;
				CLANG_WARN_OBJC_ROOT_CLASS = YES_ERROR;
				CLANG_WARN_UNREACHABLE_CODE = YES;
				CLANG_WARN__DUPLICATE_METHOD_MATCH = YES;
				"CODE_SIGN_IDENTITY[sdk=iphoneos*]" = "iPhone Developer";
				COPY_PHASE_STRIP = NO;
				DEBUG_INFORMATION_FORMAT = "dwarf-with-dsym";
				ENABLE_NS_ASSERTIONS = NO;
				ENABLE_STRICT_OBJC_MSGSEND = YES;
				GCC_C_LANGUAGE_STANDARD = gnu99;
				GCC_NO_COMMON_BLOCKS = YES;
				GCC_WARN_64_TO_32_BIT_CONVERSION = YES;
				GCC_WARN_ABOUT_RETURN_TYPE = YES_ERROR;
				GCC_WARN_UNDECLARED_SELECTOR = YES;
				GCC_WARN_UNINITIALIZED_AUTOS = YES_AGGRESSIVE;
				GCC_WARN_UNUSED_FUNCTION = YES;
				GCC_WARN_UNUSED_VARIABLE = YES;
				IPHONEOS_DEPLOYMENT_TARGET = 8.4;
				MTL_ENABLE_DEBUG_INFO = NO;
				SDKROOT = iphoneos;
				VALIDATE_PRODUCT = YES;
			};
			name = Release;
		};
		DE3949BE1DC642DF00156795 /* Debug */ = {
			isa = XCBuildConfiguration;
			buildSettings = {
				ASSETCATALOG_COMPILER_APPICON_NAME = AppIcon;
				INFOPLIST_FILE = "Mini-projet/Info.plist";
				IPHONEOS_DEPLOYMENT_TARGET = 8.2;
				LD_RUNPATH_SEARCH_PATHS = "$(inherited) @executable_path/Frameworks";
				PRODUCT_NAME = "$(TARGET_NAME)";
			};
			name = Debug;
		};
		DE3949BF1DC642DF00156795 /* Release */ = {
			isa = XCBuildConfiguration;
			buildSettings = {
				ASSETCATALOG_COMPILER_APPICON_NAME = AppIcon;
				INFOPLIST_FILE = "Mini-projet/Info.plist";
				IPHONEOS_DEPLOYMENT_TARGET = 8.2;
				LD_RUNPATH_SEARCH_PATHS = "$(inherited) @executable_path/Frameworks";
				PRODUCT_NAME = "$(TARGET_NAME)";
			};
			name = Release;
		};
		DE3949C11DC642DF00156795 /* Debug */ = {
			isa = XCBuildConfiguration;
			buildSettings = {
				BUNDLE_LOADER = "$(TEST_HOST)";
				FRAMEWORK_SEARCH_PATHS = (
					"$(SDKROOT)/Developer/Library/Frameworks",
					"$(inherited)",
				);
				GCC_PREPROCESSOR_DEFINITIONS = (
					"DEBUG=1",
					"$(inherited)",
				);
				INFOPLIST_FILE = "Mini-projetTests/Info.plist";
				LD_RUNPATH_SEARCH_PATHS = "$(inherited) @executable_path/Frameworks @loader_path/Frameworks";
				PRODUCT_NAME = "$(TARGET_NAME)";
				TEST_HOST = "$(BUILT_PRODUCTS_DIR)/Mini-projet.app/Mini-projet";
			};
			name = Debug;
		};
		DE3949C21DC642DF00156795 /* Release */ = {
			isa = XCBuildConfiguration;
			buildSettings = {
				BUNDLE_LOADER = "$(TEST_HOST)";
				FRAMEWORK_SEARCH_PATHS = (
					"$(SDKROOT)/Developer/Library/Frameworks",
					"$(inherited)",
				);
				INFOPLIST_FILE = "Mini-projetTests/Info.plist";
				LD_RUNPATH_SEARCH_PATHS = "$(inherited) @executable_path/Frameworks @loader_path/Frameworks";
				PRODUCT_NAME = "$(TARGET_NAME)";
				TEST_HOST = "$(BUILT_PRODUCTS_DIR)/Mini-projet.app/Mini-projet";
			};
			name = Release;
		};
/* End XCBuildConfiguration section */

/* Begin XCConfigurationList section */
		DE3949951DC642DE00156795 /* Build configuration list for PBXProject "Mini-projet" */ = {
			isa = XCConfigurationList;
			buildConfigurations = (
				DE3949BB1DC642DF00156795 /* Debug */,
				DE3949BC1DC642DF00156795 /* Release */,
			);
			defaultConfigurationIsVisible = 0;
			defaultConfigurationName = Release;
		};
		DE3949BD1DC642DF00156795 /* Build configuration list for PBXNativeTarget "Mini-projet" */ = {
			isa = XCConfigurationList;
			buildConfigurations = (
				DE3949BE1DC642DF00156795 /* Debug */,
				DE3949BF1DC642DF00156795 /* Release */,
			);
			defaultConfigurationIsVisible = 0;
			defaultConfigurationName = Release;
		};
		DE3949C01DC642DF00156795 /* Build configuration list for PBXNativeTarget "Mini-projetTests" */ = {
			isa = XCConfigurationList;
			buildConfigurations = (
				DE3949C11DC642DF00156795 /* Debug */,
				DE3949C21DC642DF00156795 /* Release */,
			);
			defaultConfigurationIsVisible = 0;
			defaultConfigurationName = Release;
		};
/* End XCConfigurationList section */
	};
	rootObject = DE3949921DC642DE00156795 /* Project object */;
}
